
Microsoft Visual Studio Solution File, Format Version 12.00
# Visual Studio Version 17
VisualStudioVersion = 17.14.37203.1
MinimumVisualStudioVersion = 10.0.40219.1
Project("{FAE04EC0-301F-11D3-BF4B-00C04F79EFBC}") = "RAG_API_dotnet", "RAG_API_dotnet\RAG_API_dotnet.csproj", "{69C38F59-8AA6-488A-8740-6C53BAA2E7CC}"
EndProject
Global
	GlobalSection(SolutionConfigurationPlatforms) = preSolution
		Debug|Any CPU = Debug|Any CPU
		Release|Any CPU = Release|Any CPU
	EndGlobalSection
	GlobalSection(ProjectConfigurationPlatforms) = postSolution
		{69C38F59-8AA6-488A-8740-6C53BAA2E7CC}.Debug|Any CPU.ActiveCfg = Debug|Any CPU
		{69C38F59-8AA6-488A-8740-6C53BAA2E7CC}.Debug|Any CPU.Build.0 = Debug|Any CPU
		{69C38F59-8AA6-488A-8740-6C53BAA2E7CC}.Release|Any CPU.ActiveCfg = Release|Any CPU
		{69C38F59-8AA6-488A-8740-6C53BAA2E7CC}.Release|Any CPU.Build.0 = Release|Any CPU
	EndGlobalSection
	GlobalSection(SolutionProperties) = preSolution
		HideSolutionNode = FALSE
	EndGlobalSection
	GlobalSection(ExtensibilityGlobals) = postSolution
		SolutionGuid = {8B0C8E9A-3642-4EBF-8083-52144683BC15}
	EndGlobalSection
EndGlobal
